// !$*UTF8*$!
{
	archiveVersion = 1;
	classes = {
	};
	objectVersion = 77;
	objects = {

/* Begin PBXBuildFile section */
		08FA74472821213E1DD85C39 /* ConversationStore.swift in Sources */ = {isa = PBXBuildFile; fileRef = 49D4F2E081D7420B54044BDB /* ConversationStore.swift */; };
		0DC62F05662D7B90FD628714 /* PointerOverlay.swift in Sources */ = {isa = PBXBuildFile; fileRef = 5008652FC299845E0BC82123 /* PointerOverlay.swift */; };
		1587668F604E2A37E27990D2 /* PointParser.swift in Sources */ = {isa = PBXBuildFile; fileRef = 1391E594655421C6F79C479C /* PointParser.swift */; };
		2CE0652B7E3CF08DAD46928B /* XRayOverlay.swift in Sources */ = {isa = PBXBuildFile; fileRef = 2AAC9FFF6959532ABD27E442 /* XRayOverlay.swift */; };
		2E19BECB8B34BDD46A26F0E3 /* AXReader.swift in Sources */ = {isa = PBXBuildFile; fileRef = B0646C792DA6DFF558497050 /* AXReader.swift */; };
		773FA1361E95D40DD6310993 /* LumenApp.swift in Sources */ = {isa = PBXBuildFile; fileRef = A9BED7C9127526606A596340 /* LumenApp.swift */; };
		7CCDCC6B55512A7B0FD6EB6A /* EventLog.swift in Sources */ = {isa = PBXBuildFile; fileRef = 58E6DC07551B9EDCE2F4D7CA /* EventLog.swift */; };
		8435007734E00E55EC714B2C /* HistoryWindow.swift in Sources */ = {isa = PBXBuildFile; fileRef = 11976F97AA68CC747BE6FAB5 /* HistoryWindow.swift */; };
		8CBEB53B14C1D46647F16808 /* KeychainStore.swift in Sources */ = {isa = PBXBuildFile; fileRef = 82CA2416103C806FC560933E /* KeychainStore.swift */; };
		A9581F05F7D830A5B94A4F53 /* OpenAICompatibleReasoner.swift in Sources */ = {isa = PBXBuildFile; fileRef = 7C121CB428012DD38B99D6A1 /* OpenAICompatibleReasoner.swift */; };
		ADCC7A9DD14801912930EAE1 /* Transcriber.swift in Sources */ = {isa = PBXBuildFile; fileRef = 997F5D73AAAE65A3B0335B1B /* Transcriber.swift */; };
		B85FA0CB2B8164AFFBB928BC /* HotkeyMonitor.swift in Sources */ = {isa = PBXBuildFile; fileRef = A13CDE23B9C1246F4A4D6F31 /* HotkeyMonitor.swift */; };
		B9DD406AF0A31BD3CAE427AF /* AssistantController.swift in Sources */ = {isa = PBXBuildFile; fileRef = B52B4AC2333DFBA0C08DB196 /* AssistantController.swift */; };
		C10E34BBD555BCB115A625DB /* Narrator.swift in Sources */ = {isa = PBXBuildFile; fileRef = 8B063CB6CC8FD199740F5D66 /* Narrator.swift */; };
		C46F467234D293E7DFC24312 /* ScreenAnchor.swift in Sources */ = {isa = PBXBuildFile; fileRef = 0D6004E492E9A5582EFECE97 /* ScreenAnchor.swift */; };
		C8CBAB7B72615D0675D19B07 /* ScreenCapturer.swift in Sources */ = {isa = PBXBuildFile; fileRef = AA1ACBE10DE119731821C21A /* ScreenCapturer.swift */; };
		C8DF9825A7ED190A7572F48E /* TourEffects.swift in Sources */ = {isa = PBXBuildFile; fileRef = A2C875A552B4B6F8D6AC8641 /* TourEffects.swift */; };
		E0B534EBF866D3C155B1618E /* NotchOverlay.swift in Sources */ = {isa = PBXBuildFile; fileRef = BAE60B0500F5D871839332C8 /* NotchOverlay.swift */; };
		EA89A4E1BC58F2F83BCF4F18 /* ProviderSettings.swift in Sources */ = {isa = PBXBuildFile; fileRef = D3FCBEFA855437E1DC340AA9 /* ProviderSettings.swift */; };
		F983BC5FBEB94B06CAB69892 /* Reasoner.swift in Sources */ = {isa = PBXBuildFile; fileRef = 027B2856B9E68A028D97F9ED /* Reasoner.swift */; };
/* End PBXBuildFile section */

/* Begin PBXFileReference section */
		027B2856B9E68A028D97F9ED /* Reasoner.swift */ = {isa = PBXFileReference; lastKnownFileType = sourcecode.swift; path = Reasoner.swift; sourceTree = "<group>"; };
		0D6004E492E9A5582EFECE97 /* ScreenAnchor.swift */ = {isa = PBXFileReference; lastKnownFileType = sourcecode.swift; path = ScreenAnchor.swift; sourceTree = "<group>"; };
		11976F97AA68CC747BE6FAB5 /* HistoryWindow.swift */ = {isa = PBXFileReference; lastKnownFileType = sourcecode.swift; path = HistoryWindow.swift; sourceTree = "<group>"; };
		1391E594655421C6F79C479C /* PointParser.swift */ = {isa = PBXFileReference; lastKnownFileType = sourcecode.swift; path = PointParser.swift; sourceTree = "<group>"; };
		2AAC9FFF6959532ABD27E442 /* XRayOverlay.swift */ = {isa = PBXFileReference; lastKnownFileType = sourcecode.swift; path = XRayOverlay.swift; sourceTree = "<group>"; };
		337A3269E47126DC851115EE /* Lumen.app */ = {isa = PBXFileReference; explicitFileType = wrapper.application; includeInIndex = 0; path = Lumen.app; sourceTree = BUILT_PRODUCTS_DIR; };
		49D4F2E081D7420B54044BDB /* ConversationStore.swift */ = {isa = PBXFileReference; lastKnownFileType = sourcecode.swift; path = ConversationStore.swift; sourceTree = "<group>"; };
		5008652FC299845E0BC82123 /* PointerOverlay.swift */ = {isa = PBXFileReference; lastKnownFileType = sourcecode.swift; path = PointerOverlay.swift; sourceTree = "<group>"; };
		58E6DC07551B9EDCE2F4D7CA /* EventLog.swift */ = {isa = PBXFileReference; lastKnownFileType = sourcecode.swift; path = EventLog.swift; sourceTree = "<group>"; };
		7C121CB428012DD38B99D6A1 /* OpenAICompatibleReasoner.swift */ = {isa = PBXFileReference; lastKnownFileType = sourcecode.swift; path = OpenAICompatibleReasoner.swift; sourceTree = "<group>"; };
		82CA2416103C806FC560933E /* KeychainStore.swift */ = {isa = PBXFileReference; lastKnownFileType = sourcecode.swift; path = KeychainStore.swift; sourceTree = "<group>"; };
		8B063CB6CC8FD199740F5D66 /* Narrator.swift */ = {isa = PBXFileReference; lastKnownFileType = sourcecode.swift; path = Narrator.swift; sourceTree = "<group>"; };
		997F5D73AAAE65A3B0335B1B /* Transcriber.swift */ = {isa = PBXFileReference; lastKnownFileType = sourcecode.swift; path = Transcriber.swift; sourceTree = "<group>"; };
		A13CDE23B9C1246F4A4D6F31 /* HotkeyMonitor.swift */ = {isa = PBXFileReference; lastKnownFileType = sourcecode.swift; path = HotkeyMonitor.swift; sourceTree = "<group>"; };
		A2C875A552B4B6F8D6AC8641 /* TourEffects.swift */ = {isa = PBXFileReference; lastKnownFileType = sourcecode.swift; path = TourEffects.swift; sourceTree = "<group>"; };
		A9BED7C9127526606A596340 /* LumenApp.swift */ = {isa = PBXFileReference; lastKnownFileType = sourcecode.swift; path = LumenApp.swift; sourceTree = "<group>"; };
		AA1ACBE10DE119731821C21A /* ScreenCapturer.swift */ = {isa = PBXFileReference; lastKnownFileType = sourcecode.swift; path = ScreenCapturer.swift; sourceTree = "<group>"; };
		B0646C792DA6DFF558497050 /* AXReader.swift */ = {isa = PBXFileReference; lastKnownFileType = sourcecode.swift; path = AXReader.swift; sourceTree = "<group>"; };
		B52B4AC2333DFBA0C08DB196 /* AssistantController.swift */ = {isa = PBXFileReference; lastKnownFileType = sourcecode.swift; path = AssistantController.swift; sourceTree = "<group>"; };
		BAE60B0500F5D871839332C8 /* NotchOverlay.swift */ = {isa = PBXFileReference; lastKnownFileType = sourcecode.swift; path = NotchOverlay.swift; sourceTree = "<group>"; };
		D3FCBEFA855437E1DC340AA9 /* ProviderSettings.swift */ = {isa = PBXFileReference; lastKnownFileType = sourcecode.swift; path = ProviderSettings.swift; sourceTree = "<group>"; };
		FB69623C5BC7D5FECD47DBA0 /* Info.plist */ = {isa = PBXFileReference; lastKnownFileType = text.plist; path = Info.plist; sourceTree = "<group>"; };
/* End PBXFileReference section */

/* Begin PBXGroup section */
		3D6C9A073723A54628361039 = {
			isa = PBXGroup;
			children = (
				9A87E38572968714465B9877 /* Lumen */,
				70C838A3277A6AAF3F2B0484 /* Products */,
			);
			sourceTree = "<group>";
		};
		3E933E68E627099B95BA1535 /* UI */ = {
			isa = PBXGroup;
			children = (
				11976F97AA68CC747BE6FAB5 /* HistoryWindow.swift */,
				BAE60B0500F5D871839332C8 /* NotchOverlay.swift */,
				5008652FC299845E0BC82123 /* PointerOverlay.swift */,
				A2C875A552B4B6F8D6AC8641 /* TourEffects.swift */,
				2AAC9FFF6959532ABD27E442 /* XRayOverlay.swift */,
			);
			path = UI;
			sourceTree = "<group>";
		};
		70C838A3277A6AAF3F2B0484 /* Products */ = {
			isa = PBXGroup;
			children = (
				337A3269E47126DC851115EE /* Lumen.app */,
			);
			name = Products;
			sourceTree = "<group>";
		};
		7BC8FE333078EB966A9F5B8A /* Core */ = {
			isa = PBXGroup;
			children = (
				B0646C792DA6DFF558497050 /* AXReader.swift */,
				49D4F2E081D7420B54044BDB /* ConversationStore.swift */,
				58E6DC07551B9EDCE2F4D7CA /* EventLog.swift */,
				A13CDE23B9C1246F4A4D6F31 /* HotkeyMonitor.swift */,
				82CA2416103C806FC560933E /* KeychainStore.swift */,
				1391E594655421C6F79C479C /* PointParser.swift */,
				0D6004E492E9A5582EFECE97 /* ScreenAnchor.swift */,
				AA1ACBE10DE119731821C21A /* ScreenCapturer.swift */,
			);
			path = Core;
			sourceTree = "<group>";
		};
		9A87E38572968714465B9877 /* Lumen */ = {
			isa = PBXGroup;
			children = (
				B52B4AC2333DFBA0C08DB196 /* AssistantController.swift */,
				FB69623C5BC7D5FECD47DBA0 /* Info.plist */,
				A9BED7C9127526606A596340 /* LumenApp.swift */,
				7BC8FE333078EB966A9F5B8A /* Core */,
				A36ECEE980210EFD085D1AE8 /* Providers */,
				3E933E68E627099B95BA1535 /* UI */,
			);
			path = Lumen;
			sourceTree = "<group>";
		};
		A36ECEE980210EFD085D1AE8 /* Providers */ = {
			isa = PBXGroup;
			children = (
				8B063CB6CC8FD199740F5D66 /* Narrator.swift */,
				7C121CB428012DD38B99D6A1 /* OpenAICompatibleReasoner.swift */,
				D3FCBEFA855437E1DC340AA9 /* ProviderSettings.swift */,
				027B2856B9E68A028D97F9ED /* Reasoner.swift */,
				997F5D73AAAE65A3B0335B1B /* Transcriber.swift */,
			);
			path = Providers;
			sourceTree = "<group>";
		};
/* End PBXGroup section */

/* Begin PBXNativeTarget section */
		3604D51825E37895FA8BE7E6 /* Lumen */ = {
			isa = PBXNativeTarget;
			buildConfigurationList = 1B1DA35D7489FDDE3E5094CF /* Build configuration list for PBXNativeTarget "Lumen" */;
			buildPhases = (
				04E1F8E02FA22F0432CCEA4F /* Sources */,
			);
			buildRules = (
			);
			dependencies = (
			);
			name = Lumen;
			packageProductDependencies = (
			);
			productName = Lumen;
			productReference = 337A3269E47126DC851115EE /* Lumen.app */;
			productType = "com.apple.product-type.application";
		};
/* End PBXNativeTarget section */

/* Begin PBXProject section */
		B6B7785E344ACFF4DA083092 /* Project object */ = {
			isa = PBXProject;
			attributes = {
				BuildIndependentTargetsInParallel = YES;
				LastUpgradeCheck = 1430;
				TargetAttributes = {
					3604D51825E37895FA8BE7E6 = {
						DevelopmentTeam = C4YDYMFG88;
						ProvisioningStyle = Automatic;
					};
				};
			};
			buildConfigurationList = CAE5F36F192090F76737D08C /* Build configuration list for PBXProject "Lumen" */;
			developmentRegion = en;
			hasScannedForEncodings = 0;
			knownRegions = (
				Base,
				en,
			);
			mainGroup = 3D6C9A073723A54628361039;
			minimizedProjectReferenceProxies = 1;
			preferredProjectObjectVersion = 77;
			productRefGroup = 70C838A3277A6AAF3F2B0484 /* Products */;
			projectDirPath = "";
			projectRoot = "";
			targets = (
				3604D51825E37895FA8BE7E6 /* Lumen */,
			);
		};
/* End PBXProject section */

/* Begin PBXSourcesBuildPhase section */
		04E1F8E02FA22F0432CCEA4F /* Sources */ = {
			isa = PBXSourcesBuildPhase;
			buildActionMask = 2147483647;
			files = (
				2E19BECB8B34BDD46A26F0E3 /* AXReader.swift in Sources */,
				B9DD406AF0A31BD3CAE427AF /* AssistantController.swift in Sources */,
				08FA74472821213E1DD85C39 /* ConversationStore.swift in Sources */,
				7CCDCC6B55512A7B0FD6EB6A /* EventLog.swift in Sources */,
				8435007734E00E55EC714B2C /* HistoryWindow.swift in Sources */,
				B85FA0CB2B8164AFFBB928BC /* HotkeyMonitor.swift in Sources */,
				8CBEB53B14C1D46647F16808 /* KeychainStore.swift in Sources */,
				773FA1361E95D40DD6310993 /* LumenApp.swift in Sources */,
				C10E34BBD555BCB115A625DB /* Narrator.swift in Sources */,
				E0B534EBF866D3C155B1618E /* NotchOverlay.swift in Sources */,
				A9581F05F7D830A5B94A4F53 /* OpenAICompatibleReasoner.swift in Sources */,
				1587668F604E2A37E27990D2 /* PointParser.swift in Sources */,
				0DC62F05662D7B90FD628714 /* PointerOverlay.swift in Sources */,
				EA89A4E1BC58F2F83BCF4F18 /* ProviderSettings.swift in Sources */,
				F983BC5FBEB94B06CAB69892 /* Reasoner.swift in Sources */,
				C46F467234D293E7DFC24312 /* ScreenAnchor.swift in Sources */,
				C8CBAB7B72615D0675D19B07 /* ScreenCapturer.swift in Sources */,
				C8DF9825A7ED190A7572F48E /* TourEffects.swift in Sources */,
				ADCC7A9DD14801912930EAE1 /* Transcriber.swift in Sources */,
				2CE0652B7E3CF08DAD46928B /* XRayOverlay.swift in Sources */,
			);
			runOnlyForDeploymentPostprocessing = 0;
		};
/* End PBXSourcesBuildPhase section */

/* Begin XCBuildConfiguration section */
		2D2F99B6443D2E21D64FD94E /* Release */ = {
			isa = XCBuildConfiguration;
			buildSettings = {
				ALWAYS_SEARCH_USER_PATHS = NO;
				CLANG_ANALYZER_NONNULL = YES;
				CLANG_ANALYZER_NUMBER_OBJECT_CONVERSION = YES_AGGRESSIVE;
				CLANG_CXX_LANGUAGE_STANDARD = "gnu++14";
				CLANG_CXX_LIBRARY = "libc++";
				CLANG_ENABLE_MODULES = YES;
				CLANG_ENABLE_OBJC_ARC = YES;
				CLANG_ENABLE_OBJC_WEAK = YES;
				CLANG_WARN_BLOCK_CAPTURE_AUTORELEASING = YES;
				CLANG_WARN_BOOL_CONVERSION = YES;
				CLANG_WARN_COMMA = YES;
				CLANG_WARN_CONSTANT_CONVERSION = YES;
				CLANG_WARN_DEPRECATED_OBJC_IMPLEMENTATIONS = YES;
				CLANG_WARN_DIRECT_OBJC_ISA_USAGE = YES_ERROR;
				CLANG_WARN_DOCUMENTATION_COMMENTS = YES;
				CLANG_WARN_EMPTY_BODY = YES;
				CLANG_WARN_ENUM_CONVERSION = YES;
				CLANG_WARN_INFINITE_RECURSION = YES;
				CLANG_WARN_INT_CONVERSION = YES;
				CLANG_WARN_NON_LITERAL_NULL_CONVERSION = YES;
				CLANG_WARN_OBJC_IMPLICIT_RETAIN_SELF = YES;
				CLANG_WARN_OBJC_LITERAL_CONVERSION = YES;
				CLANG_WARN_OBJC_ROOT_CLASS = YES_ERROR;
				CLANG_WARN_QUOTED_INCLUDE_IN_FRAMEWORK_HEADER = YES;
				CLANG_WARN_RANGE_LOOP_ANALYSIS = YES;
				CLANG_WARN_STRICT_PROTOTYPES = YES;
				CLANG_WARN_SUSPICIOUS_MOVE = YES;
				CLANG_WARN_UNGUARDED_AVAILABILITY = YES_AGGRESSIVE;
				CLANG_WARN_UNREACHABLE_CODE = YES;
				CLANG_WARN__DUPLICATE_METHOD_MATCH = YES;
				COPY_PHASE_STRIP = NO;
				DEBUG_INFORMATION_FORMAT = "dwarf-with-dsym";
				ENABLE_NS_ASSERTIONS = NO;
				ENABLE_STRICT_OBJC_MSGSEND = YES;
				GCC_C_LANGUAGE_STANDARD = gnu11;
				GCC_NO_COMMON_BLOCKS = YES;
				GCC_WARN_64_TO_32_BIT_CONVERSION = YES;
				GCC_WARN_ABOUT_RETURN_TYPE = YES_ERROR;
				GCC_WARN_UNDECLARED_SELECTOR = YES;
				GCC_WARN_UNINITIALIZED_AUTOS = YES_AGGRESSIVE;
				GCC_WARN_UNUSED_FUNCTION = YES;
				GCC_WARN_UNUSED_VARIABLE = YES;
				MACOSX_DEPLOYMENT_TARGET = 15.0;
				MTL_ENABLE_DEBUG_INFO = NO;
				MTL_FAST_MATH = YES;
				PRODUCT_NAME = "$(TARGET_NAME)";
				SDKROOT = macosx;
				SWIFT_COMPILATION_MODE = wholemodule;
				SWIFT_OPTIMIZATION_LEVEL = "-O";
				SWIFT_VERSION = 5.0;
			};
			name = Release;
		};
		495B8F62CC5EA7D99DAD8F2D /* Debug */ = {
			isa = XCBuildConfiguration;
			buildSettings = {
				ASSETCATALOG_COMPILER_APPICON_NAME = AppIcon;
				CODE_SIGN_STYLE = Automatic;
				COMBINE_HIDPI_IMAGES = YES;
				CURRENT_PROJECT_VERSION = 1;
				DEVELOPMENT_TEAM = C4YDYMFG88;
				GENERATE_INFOPLIST_FILE = NO;
				INFOPLIST_FILE = Lumen/Info.plist;
				LD_RUNPATH_SEARCH_PATHS = (
					"$(inherited)",
					"@executable_path/../Frameworks",
				);
				MARKETING_VERSION = 0.1.0;
				PRODUCT_BUNDLE_IDENTIFIER = in.neelmani.Lumen;
				SDKROOT = macosx;
				SWIFT_VERSION = 5.0;
			};
			name = Debug;
		};
		AA076C7BC7C6C45F1BB03F03 /* Debug */ = {
			isa = XCBuildConfiguration;
			buildSettings = {
				ALWAYS_SEARCH_USER_PATHS = NO;
				CLANG_ANALYZER_NONNULL = YES;
				CLANG_ANALYZER_NUMBER_OBJECT_CONVERSION = YES_AGGRESSIVE;
				CLANG_CXX_LANGUAGE_STANDARD = "gnu++14";
				CLANG_CXX_LIBRARY = "libc++";
				CLANG_ENABLE_MODULES = YES;
				CLANG_ENABLE_OBJC_ARC = YES;
				CLANG_ENABLE_OBJC_WEAK = YES;
				CLANG_WARN_BLOCK_CAPTURE_AUTORELEASING = YES;
				CLANG_WARN_BOOL_CONVERSION = YES;
				CLANG_WARN_COMMA = YES;
				CLANG_WARN_CONSTANT_CONVERSION = YES;
				CLANG_WARN_DEPRECATED_OBJC_IMPLEMENTATIONS = YES;
				CLANG_WARN_DIRECT_OBJC_ISA_USAGE = YES_ERROR;
				CLANG_WARN_DOCUMENTATION_COMMENTS = YES;
				CLANG_WARN_EMPTY_BODY = YES;
				CLANG_WARN_ENUM_CONVERSION = YES;
				CLANG_WARN_INFINITE_RECURSION = YES;
				CLANG_WARN_INT_CONVERSION = YES;
				CLANG_WARN_NON_LITERAL_NULL_CONVERSION = YES;
				CLANG_WARN_OBJC_IMPLICIT_RETAIN_SELF = YES;
				CLANG_WARN_OBJC_LITERAL_CONVERSION = YES;
				CLANG_WARN_OBJC_ROOT_CLASS = YES_ERROR;
				CLANG_WARN_QUOTED_INCLUDE_IN_FRAMEWORK_HEADER = YES;
				CLANG_WARN_RANGE_LOOP_ANALYSIS = YES;
				CLANG_WARN_STRICT_PROTOTYPES = YES;
				CLANG_WARN_SUSPICIOUS_MOVE = YES;
				CLANG_WARN_UNGUARDED_AVAILABILITY = YES_AGGRESSIVE;
				CLANG_WARN_UNREACHABLE_CODE = YES;
				CLANG_WARN__DUPLICATE_METHOD_MATCH = YES;
				COPY_PHASE_STRIP = NO;
				DEBUG_INFORMATION_FORMAT = dwarf;
				ENABLE_STRICT_OBJC_MSGSEND = YES;
				ENABLE_TESTABILITY = YES;
				GCC_C_LANGUAGE_STANDARD = gnu11;
				GCC_DYNAMIC_NO_PIC = NO;
				GCC_NO_COMMON_BLOCKS = YES;
				GCC_OPTIMIZATION_LEVEL = 0;
				GCC_PREPROCESSOR_DEFINITIONS = (
					"$(inherited)",
					"DEBUG=1",
				);
				GCC_WARN_64_TO_32_BIT_CONVERSION = YES;
				GCC_WARN_ABOUT_RETURN_TYPE = YES_ERROR;
				GCC_WARN_UNDECLARED_SELECTOR = YES;
				GCC_WARN_UNINITIALIZED_AUTOS = YES_AGGRESSIVE;
				GCC_WARN_UNUSED_FUNCTION = YES;
				GCC_WARN_UNUSED_VARIABLE = YES;
				MACOSX_DEPLOYMENT_TARGET = 15.0;
				MTL_ENABLE_DEBUG_INFO = INCLUDE_SOURCE;
				MTL_FAST_MATH = YES;
				ONLY_ACTIVE_ARCH = YES;
				PRODUCT_NAME = "$(TARGET_NAME)";
				SDKROOT = macosx;
				SWIFT_ACTIVE_COMPILATION_CONDITIONS = DEBUG;
				SWIFT_OPTIMIZATION_LEVEL = "-Onone";
				SWIFT_VERSION = 5.0;
			};
			name = Debug;
		};
		DB69D605D392822F88A42FB2 /* Release */ = {
			isa = XCBuildConfiguration;
			buildSettings = {
				ASSETCATALOG_COMPILER_APPICON_NAME = AppIcon;
				CODE_SIGN_STYLE = Automatic;
				COMBINE_HIDPI_IMAGES = YES;
				CURRENT_PROJECT_VERSION = 1;
				DEVELOPMENT_TEAM = C4YDYMFG88;
				GENERATE_INFOPLIST_FILE = NO;
				INFOPLIST_FILE = Lumen/Info.plist;
				LD_RUNPATH_SEARCH_PATHS = (
					"$(inherited)",
					"@executable_path/../Frameworks",
				);
				MARKETING_VERSION = 0.1.0;
				PRODUCT_BUNDLE_IDENTIFIER = in.neelmani.Lumen;
				SDKROOT = macosx;
				SWIFT_VERSION = 5.0;
			};
			name = Release;
		};
/* End XCBuildConfiguration section */

/* Begin XCConfigurationList section */
		1B1DA35D7489FDDE3E5094CF /* Build configuration list for PBXNativeTarget "Lumen" */ = {
			isa = XCConfigurationList;
			buildConfigurations = (
				495B8F62CC5EA7D99DAD8F2D /* Debug */,
				DB69D605D392822F88A42FB2 /* Release */,
			);
			defaultConfigurationIsVisible = 0;
			defaultConfigurationName = Debug;
		};
		CAE5F36F192090F76737D08C /* Build configuration list for PBXProject "Lumen" */ = {
			isa = XCConfigurationList;
			buildConfigurations = (
				AA076C7BC7C6C45F1BB03F03 /* Debug */,
				2D2F99B6443D2E21D64FD94E /* Release */,
			);
			defaultConfigurationIsVisible = 0;
			defaultConfigurationName = Debug;
		};
/* End XCConfigurationList section */
	};
	rootObject = B6B7785E344ACFF4DA083092 /* Project object */;
}
